{
  "name": "clase-node-2",
  "version": "1.0.0",
  "lockfileVersion": 1,
  "requires": true,
  "dependencies": {
    "print-shape": {
      "version": "1.0.1",
      "resolved": "https://registry.npmjs.org/print-shape/-/print-shape-1.0.1.tgz",
      "integrity": "sha512-pI0eunpM9bKkQIs2HR4ujj6BGrPdIDLHjZwgEUO4czpTxgacETmvAe5Uo/VWd6GhP1Dh7s48O13mdQMIRTiSaQ=="
    }
  }
}
